
Microsoft Visual Studio Solution File, Format Version 12.00
# Visual Studio Version 16
VisualStudioVersion = 16.0.32106.194
MinimumVisualStudioVersion = 10.0.40219.1
Project("{FAE04EC0-301F-11D3-BF4B-00C04F79EFBC}") = "Leap year", "Leap year.csproj", "{5308E7BE-49A0-4A83-BA18-44C1BB91FBFA}"
EndProject
Global
	GlobalSection(SolutionConfigurationPlatforms) = preSolution
		Debug|Any CPU = Debug|Any CPU
		Release|Any CPU = Release|Any CPU
	EndGlobalSection
	GlobalSection(ProjectConfigurationPlatforms) = postSolution
		{5308E7BE-49A0-4A83-BA18-44C1BB91FBFA}.Debug|Any CPU.ActiveCfg = Debug|Any CPU
		{5308E7BE-49A0-4A83-BA18-44C1BB91FBFA}.Debug|Any CPU.Build.0 = Debug|Any CPU
		{5308E7BE-49A0-4A83-BA18-44C1BB91FBFA}.Release|Any CPU.ActiveCfg = Release|Any CPU
		{5308E7BE-49A0-4A83-BA18-44C1BB91FBFA}.Release|Any CPU.Build.0 = Release|Any CPU
	EndGlobalSection
	GlobalSection(SolutionProperties) = preSolution
		HideSolutionNode = FALSE
	EndGlobalSection
	GlobalSection(ExtensibilityGlobals) = postSolution
		SolutionGuid = {430E4178-659D-4D1D-894A-9249DC7919EF}
	EndGlobalSection
EndGlobal
